// !$*UTF8*$!
{
	archiveVersion = 1;
	classes = {
	};
	objectVersion = 46;
	objects = {

/* Begin PBXBuildFile section */
		8421C26F1C8A2F3B0099BEFE /* KKStackSwipeRevealGalleryView.swift in Sources */ = {isa = PBXBuildFile; fileRef = 8421C26E1C8A2F3B0099BEFE /* KKStackSwipeRevealGalleryView.swift */; };
		8421C2711C8CD58E0099BEFE /* KKStackGalleryDemoViewController.swift in Sources */ = {isa = PBXBuildFile; fileRef = 8421C2701C8CD58E0099BEFE /* KKStackGalleryDemoViewController.swift */; };
		84D65A1B1C721367009E3744 /* KKAppDelegate.swift in Sources */ = {isa = PBXBuildFile; fileRef = 84D65A1A1C721367009E3744 /* KKAppDelegate.swift */; };
		84D65A221C721367009E3744 /* Main.storyboard in Resources */ = {isa = PBXBuildFile; fileRef = 84D65A201C721367009E3744 /* Main.storyboard */; };
		84D65A241C721367009E3744 /* Assets.xcassets in Resources */ = {isa = PBXBuildFile; fileRef = 84D65A231C721367009E3744 /* Assets.xcassets */; };
		84D65A271C721367009E3744 /* LaunchScreen.storyboard in Resources */ = {isa = PBXBuildFile; fileRef = 84D65A251C721367009E3744 /* LaunchScreen.storyboard */; };
		84D65A2F1C722DAB009E3744 /* KKFullScreenImageGalleryDemoViewController.swift in Sources */ = {isa = PBXBuildFile; fileRef = 84D65A2E1C722DAB009E3744 /* KKFullScreenImageGalleryDemoViewController.swift */; };
		84D65A311C722DDB009E3744 /* KKMiscGalleryDemoViewController.swift in Sources */ = {isa = PBXBuildFile; fileRef = 84D65A301C722DDB009E3744 /* KKMiscGalleryDemoViewController.swift */; };
		84D65A331C722DEE009E3744 /* KKGalleryDemoViewController.swift in Sources */ = {isa = PBXBuildFile; fileRef = 84D65A321C722DEE009E3744 /* KKGalleryDemoViewController.swift */; };
		84D65A361C7231D5009E3744 /* KKSwipeRevealGalleryView.swift in Sources */ = {isa = PBXBuildFile; fileRef = 84D65A351C7231D5009E3744 /* KKSwipeRevealGalleryView.swift */; };
		84D65A381C790405009E3744 /* UIColor+RandomColor.swift in Sources */ = {isa = PBXBuildFile; fileRef = 84D65A371C790405009E3744 /* UIColor+RandomColor.swift */; };
		84D65A3A1C7A598E009E3744 /* UIView+RootView.swift in Sources */ = {isa = PBXBuildFile; fileRef = 84D65A391C7A598E009E3744 /* UIView+RootView.swift */; };
		84D65A401C7A6586009E3744 /* KKGalleryItemView.xib in Resources */ = {isa = PBXBuildFile; fileRef = 84D65A3E1C7A6586009E3744 /* KKGalleryItemView.xib */; };
		84D65A421C7A65D0009E3744 /* KKGalleryItemView.swift in Sources */ = {isa = PBXBuildFile; fileRef = 84D65A411C7A65D0009E3744 /* KKGalleryItemView.swift */; };
/* End PBXBuildFile section */

/* Begin PBXFileReference section */
		8421C26E1C8A2F3B0099BEFE /* KKStackSwipeRevealGalleryView.swift */ = {isa = PBXFileReference; fileEncoding = 4; lastKnownFileType = sourcecode.swift; path = KKStackSwipeRevealGalleryView.swift; sourceTree = "<group>"; };
		8421C2701C8CD58E0099BEFE /* KKStackGalleryDemoViewController.swift */ = {isa = PBXFileReference; fileEncoding = 4; lastKnownFileType = sourcecode.swift; path = KKStackGalleryDemoViewController.swift; sourceTree = "<group>"; };
		84D65A171C721367009E3744 /* KKSwipeRevealGalleryViewDemo.app */ = {isa = PBXFileReference; explicitFileType = wrapper.application; includeInIndex = 0; path = KKSwipeRevealGalleryViewDemo.app; sourceTree = BUILT_PRODUCTS_DIR; };
		84D65A1A1C721367009E3744 /* KKAppDelegate.swift */ = {isa = PBXFileReference; lastKnownFileType = sourcecode.swift; path = KKAppDelegate.swift; sourceTree = "<group>"; };
		84D65A211C721367009E3744 /* Base */ = {isa = PBXFileReference; lastKnownFileType = file.storyboard; name = Base; path = Base.lproj/Main.storyboard; sourceTree = "<group>"; };
		84D65A231C721367009E3744 /* Assets.xcassets */ = {isa = PBXFileReference; lastKnownFileType = folder.assetcatalog; path = Assets.xcassets; sourceTree = "<group>"; };
		84D65A261C721367009E3744 /* Base */ = {isa = PBXFileReference; lastKnownFileType = file.storyboard; name = Base; path = Base.lproj/LaunchScreen.storyboard; sourceTree = "<group>"; };
		84D65A281C721367009E3744 /* Info.plist */ = {isa = PBXFileReference; lastKnownFileType = text.plist.xml; path = Info.plist; sourceTree = "<group>"; };
		84D65A2E1C722DAB009E3744 /* KKFullScreenImageGalleryDemoViewController.swift */ = {isa = PBXFileReference; fileEncoding = 4; lastKnownFileType = sourcecode.swift; path = KKFullScreenImageGalleryDemoViewController.swift; sourceTree = "<group>"; };
		84D65A301C722DDB009E3744 /* KKMiscGalleryDemoViewController.swift */ = {isa = PBXFileReference; fileEncoding = 4; lastKnownFileType = sourcecode.swift; path = KKMiscGalleryDemoViewController.swift; sourceTree = "<group>"; };
		84D65A321C722DEE009E3744 /* KKGalleryDemoViewController.swift */ = {isa = PBXFileReference; fileEncoding = 4; lastKnownFileType = sourcecode.swift; path = KKGalleryDemoViewController.swift; sourceTree = "<group>"; };
		84D65A351C7231D5009E3744 /* KKSwipeRevealGalleryView.swift */ = {isa = PBXFileReference; fileEncoding = 4; lastKnownFileType = sourcecode.swift; path = KKSwipeRevealGalleryView.swift; sourceTree = "<group>"; };
		84D65A371C790405009E3744 /* UIColor+RandomColor.swift */ = {isa = PBXFileReference; fileEncoding = 4; lastKnownFileType = sourcecode.swift; path = "UIColor+RandomColor.swift"; sourceTree = "<group>"; };
		84D65A391C7A598E009E3744 /* UIView+RootView.swift */ = {isa = PBXFileReference; fileEncoding = 4; lastKnownFileType = sourcecode.swift; path = "UIView+RootView.swift"; sourceTree = "<group>"; };
		84D65A3F1C7A6586009E3744 /* Base */ = {isa = PBXFileReference; lastKnownFileType = file.xib; name = Base; path = Base.lproj/KKGalleryItemView.xib; sourceTree = "<group>"; };
		84D65A411C7A65D0009E3744 /* KKGalleryItemView.swift */ = {isa = PBXFileReference; fileEncoding = 4; lastKnownFileType = sourcecode.swift; path = KKGalleryItemView.swift; sourceTree = "<group>"; };
/* End PBXFileReference section */

/* Begin PBXFrameworksBuildPhase section */
		84D65A141C721367009E3744 /* Frameworks */ = {
			isa = PBXFrameworksBuildPhase;
			buildActionMask = 2147483647;
			files = (
			);
			runOnlyForDeploymentPostprocessing = 0;
		};
/* End PBXFrameworksBuildPhase section */

/* Begin PBXGroup section */
		84D65A0E1C721367009E3744 = {
			isa = PBXGroup;
			children = (
				84D65A341C723196009E3744 /* KKSwipeRevealGalleryView */,
				84D65A191C721367009E3744 /* KKSwipeRevealGalleryViewDemo */,
				84D65A181C721367009E3744 /* Products */,
			);
			sourceTree = "<group>";
		};
		84D65A181C721367009E3744 /* Products */ = {
			isa = PBXGroup;
			children = (
				84D65A171C721367009E3744 /* KKSwipeRevealGalleryViewDemo.app */,
			);
			name = Products;
			sourceTree = "<group>";
		};
		84D65A191C721367009E3744 /* KKSwipeRevealGalleryViewDemo */ = {
			isa = PBXGroup;
			children = (
				84D65A1A1C721367009E3744 /* KKAppDelegate.swift */,
				84D65A201C721367009E3744 /* Main.storyboard */,
				84D65A231C721367009E3744 /* Assets.xcassets */,
				84D65A3E1C7A6586009E3744 /* KKGalleryItemView.xib */,
				84D65A251C721367009E3744 /* LaunchScreen.storyboard */,
				84D65A281C721367009E3744 /* Info.plist */,
				8421C2701C8CD58E0099BEFE /* KKStackGalleryDemoViewController.swift */,
				84D65A2E1C722DAB009E3744 /* KKFullScreenImageGalleryDemoViewController.swift */,
				84D65A301C722DDB009E3744 /* KKMiscGalleryDemoViewController.swift */,
				84D65A321C722DEE009E3744 /* KKGalleryDemoViewController.swift */,
				84D65A371C790405009E3744 /* UIColor+RandomColor.swift */,
				84D65A411C7A65D0009E3744 /* KKGalleryItemView.swift */,
			);
			path = KKSwipeRevealGalleryViewDemo;
			sourceTree = "<group>";
		};
		84D65A341C723196009E3744 /* KKSwipeRevealGalleryView */ = {
			isa = PBXGroup;
			children = (
				8421C26E1C8A2F3B0099BEFE /* KKStackSwipeRevealGalleryView.swift */,
				84D65A351C7231D5009E3744 /* KKSwipeRevealGalleryView.swift */,
				84D65A391C7A598E009E3744 /* UIView+RootView.swift */,
			);
			name = KKSwipeRevealGalleryView;
			path = ../KKSwipeRevealGalleryView;
			sourceTree = "<group>";
		};
/* End PBXGroup section */

/* Begin PBXNativeTarget section */
		84D65A161C721367009E3744 /* KKSwipeRevealGalleryViewDemo */ = {
			isa = PBXNativeTarget;
			buildConfigurationList = 84D65A2B1C721367009E3744 /* Build configuration list for PBXNativeTarget "KKSwipeRevealGalleryViewDemo" */;
			buildPhases = (
				84D65A131C721367009E3744 /* Sources */,
				84D65A141C721367009E3744 /* Frameworks */,
				84D65A151C721367009E3744 /* Resources */,
			);
			buildRules = (
			);
			dependencies = (
			);
			name = KKSwipeRevealGalleryViewDemo;
			productName = KKSwipeRevealGalleryViewDemo;
			productReference = 84D65A171C721367009E3744 /* KKSwipeRevealGalleryViewDemo.app */;
			productType = "com.apple.product-type.application";
		};
/* End PBXNativeTarget section */

/* Begin PBXProject section */
		84D65A0F1C721367009E3744 /* Project object */ = {
			isa = PBXProject;
			attributes = {
				LastSwiftUpdateCheck = 0720;
				LastUpgradeCheck = 0800;
				ORGANIZATIONNAME = kkalinowskagorska;
				TargetAttributes = {
					84D65A161C721367009E3744 = {
						CreatedOnToolsVersion = 7.2.1;
						DevelopmentTeam = R948LH5K2S;
						LastSwiftMigration = 0800;
					};
				};
			};
			buildConfigurationList = 84D65A121C721367009E3744 /* Build configuration list for PBXProject "KKSwipeRevealGalleryViewDemo" */;
			compatibilityVersion = "Xcode 3.2";
			developmentRegion = English;
			hasScannedForEncodings = 0;
			knownRegions = (
				en,
				Base,
			);
			mainGroup = 84D65A0E1C721367009E3744;
			productRefGroup = 84D65A181C721367009E3744 /* Products */;
			projectDirPath = "";
			projectRoot = "";
			targets = (
				84D65A161C721367009E3744 /* KKSwipeRevealGalleryViewDemo */,
			);
		};
/* End PBXProject section */

/* Begin PBXResourcesBuildPhase section */
		84D65A151C721367009E3744 /* Resources */ = {
			isa = PBXResourcesBuildPhase;
			buildActionMask = 2147483647;
			files = (
				84D65A271C721367009E3744 /* LaunchScreen.storyboard in Resources */,
				84D65A241C721367009E3744 /* Assets.xcassets in Resources */,
				84D65A401C7A6586009E3744 /* KKGalleryItemView.xib in Resources */,
				84D65A221C721367009E3744 /* Main.storyboard in Resources */,
			);
			runOnlyForDeploymentPostprocessing = 0;
		};
/* End PBXResourcesBuildPhase section */

/* Begin PBXSourcesBuildPhase section */
		84D65A131C721367009E3744 /* Sources */ = {
			isa = PBXSourcesBuildPhase;
			buildActionMask = 2147483647;
			files = (
				84D65A311C722DDB009E3744 /* KKMiscGalleryDemoViewController.swift in Sources */,
				84D65A1B1C721367009E3744 /* KKAppDelegate.swift in Sources */,
				8421C2711C8CD58E0099BEFE /* KKStackGalleryDemoViewController.swift in Sources */,
				84D65A421C7A65D0009E3744 /* KKGalleryItemView.swift in Sources */,
				84D65A361C7231D5009E3744 /* KKSwipeRevealGalleryView.swift in Sources */,
				84D65A331C722DEE009E3744 /* KKGalleryDemoViewController.swift in Sources */,
				84D65A3A1C7A598E009E3744 /* UIView+RootView.swift in Sources */,
				84D65A381C790405009E3744 /* UIColor+RandomColor.swift in Sources */,
				84D65A2F1C722DAB009E3744 /* KKFullScreenImageGalleryDemoViewController.swift in Sources */,
				8421C26F1C8A2F3B0099BEFE /* KKStackSwipeRevealGalleryView.swift in Sources */,
			);
			runOnlyForDeploymentPostprocessing = 0;
		};
/* End PBXSourcesBuildPhase section */

/* Begin PBXVariantGroup section */
		84D65A201C721367009E3744 /* Main.storyboard */ = {
			isa = PBXVariantGroup;
			children = (
				84D65A211C721367009E3744 /* Base */,
			);
			name = Main.storyboard;
			sourceTree = "<group>";
		};
		84D65A251C721367009E3744 /* LaunchScreen.storyboard */ = {
			isa = PBXVariantGroup;
			children = (
				84D65A261C721367009E3744 /* Base */,
			);
			name = LaunchScreen.storyboard;
			sourceTree = "<group>";
		};
		84D65A3E1C7A6586009E3744 /* KKGalleryItemView.xib */ = {
			isa = PBXVariantGroup;
			children = (
				84D65A3F1C7A6586009E3744 /* Base */,
			);
			name = KKGalleryItemView.xib;
			sourceTree = "<group>";
		};
/* End PBXVariantGroup section */

/* Begin XCBuildConfiguration section */
		84D65A291C721367009E3744 /* Debug */ = {
			isa = XCBuildConfiguration;
			buildSettings = {
				ALWAYS_SEARCH_USER_PATHS = NO;
				CLANG_CXX_LANGUAGE_STANDARD = "gnu++0x";
				CLANG_CXX_LIBRARY = "libc++";
				CLANG_ENABLE_MODULES = YES;
				CLANG_ENABLE_OBJC_ARC = YES;
				CLANG_WARN_BOOL_CONVERSION = YES;
				CLANG_WARN_CONSTANT_CONVERSION = YES;
				CLANG_WARN_DIRECT_OBJC_ISA_USAGE = YES_ERROR;
				CLANG_WARN_EMPTY_BODY = YES;
				CLANG_WARN_ENUM_CONVERSION = YES;
				CLANG_WARN_INFINITE_RECURSION = YES;
				CLANG_WARN_INT_CONVERSION = YES;
				CLANG_WARN_OBJC_ROOT_CLASS = YES_ERROR;
				CLANG_WARN_SUSPICIOUS_MOVE = YES;
				CLANG_WARN_UNREACHABLE_CODE = YES;
				CLANG_WARN__DUPLICATE_METHOD_MATCH = YES;
				"CODE_SIGN_IDENTITY[sdk=iphoneos*]" = "iPhone Developer";
				COPY_PHASE_STRIP = NO;
				DEBUG_INFORMATION_FORMAT = dwarf;
				ENABLE_STRICT_OBJC_MSGSEND = YES;
				ENABLE_TESTABILITY = YES;
				GCC_C_LANGUAGE_STANDARD = gnu99;
				GCC_DYNAMIC_NO_PIC = NO;
				GCC_NO_COMMON_BLOCKS = YES;
				GCC_OPTIMIZATION_LEVEL = 0;
				GCC_PREPROCESSOR_DEFINITIONS = (
					"DEBUG=1",
					"$(inherited)",
				);
				GCC_WARN_64_TO_32_BIT_CONVERSION = YES;
				GCC_WARN_ABOUT_RETURN_TYPE = YES_ERROR;
				GCC_WARN_UNDECLARED_SELECTOR = YES;
				GCC_WARN_UNINITIALIZED_AUTOS = YES_AGGRESSIVE;
				GCC_WARN_UNUSED_FUNCTION = YES;
				GCC_WARN_UNUSED_VARIABLE = YES;
				IPHONEOS_DEPLOYMENT_TARGET = 9.2;
				MTL_ENABLE_DEBUG_INFO = YES;
				ONLY_ACTIVE_ARCH = YES;
				SDKROOT = iphoneos;
				SWIFT_OPTIMIZATION_LEVEL = "-Onone";
			};
			name = Debug;
		};
		84D65A2A1C721367009E3744 /* Release */ = {
			isa = XCBuildConfiguration;
			buildSettings = {
				ALWAYS_SEARCH_USER_PATHS = NO;
				CLANG_CXX_LANGUAGE_STANDARD = "gnu++0x";
				CLANG_CXX_LIBRARY = "libc++";
				CLANG_ENABLE_MODULES = YES;
				CLANG_ENABLE_OBJC_ARC = YES;
				CLANG_WARN_BOOL_CONVERSION = YES;
				CLANG_WARN_CONSTANT_CONVERSION = YES;
				CLANG_WARN_DIRECT_OBJC_ISA_USAGE = YES_ERROR;
				CLANG_WARN_EMPTY_BODY = YES;
				CLANG_WARN_ENUM_CONVERSION = YES;
				CLANG_WARN_INFINITE_RECURSION = YES;
				CLANG_WARN_INT_CONVERSION = YES;
				CLANG_WARN_OBJC_ROOT_CLASS = YES_ERROR;
				CLANG_WARN_SUSPICIOUS_MOVE = YES;
				CLANG_WARN_UNREACHABLE_CODE = YES;
				CLANG_WARN__DUPLICATE_METHOD_MATCH = YES;
				"CODE_SIGN_IDENTITY[sdk=iphoneos*]" = "iPhone Developer";
				COPY_PHASE_STRIP = NO;
				DEBUG_INFORMATION_FORMAT = "dwarf-with-dsym";
				ENABLE_NS_ASSERTIONS = NO;
				ENABLE_STRICT_OBJC_MSGSEND = YES;
				GCC_C_LANGUAGE_STANDARD = gnu99;
				GCC_NO_COMMON_BLOCKS = YES;
				GCC_WARN_64_TO_32_BIT_CONVERSION = YES;
				GCC_WARN_ABOUT_RETURN_TYPE = YES_ERROR;
				GCC_WARN_UNDECLARED_SELECTOR = YES;
				GCC_WARN_UNINITIALIZED_AUTOS = YES_AGGRESSIVE;
				GCC_WARN_UNUSED_FUNCTION = YES;
				GCC_WARN_UNUSED_VARIABLE = YES;
				IPHONEOS_DEPLOYMENT_TARGET = 9.2;
				MTL_ENABLE_DEBUG_INFO = NO;
				SDKROOT = iphoneos;
				VALIDATE_PRODUCT = YES;
			};
			name = Release;
		};
		84D65A2C1C721367009E3744 /* Debug */ = {
			isa = XCBuildConfiguration;
			buildSettings = {
				ASSETCATALOG_COMPILER_APPICON_NAME = AppIcon;
				CLANG_WARN_OBJC_IMPLICIT_RETAIN_SELF = YES;
				CODE_SIGN_IDENTITY = "iPhone Developer";
				INFOPLIST_FILE = KKSwipeRevealGalleryViewDemo/Info.plist;
				LD_RUNPATH_SEARCH_PATHS = "$(inherited) @executable_path/Frameworks";
				PRODUCT_BUNDLE_IDENTIFIER = com.kkalinowskagorska.KKSwipeRevealGalleryViewDemo;
				PRODUCT_NAME = "$(TARGET_NAME)";
				SWIFT_OBJC_BRIDGING_HEADER = "";
				SWIFT_VERSION = 3.0;
				TARGETED_DEVICE_FAMILY = "1,2";
			};
			name = Debug;
		};
		84D65A2D1C721367009E3744 /* Release */ = {
			isa = XCBuildConfiguration;
			buildSettings = {
				ASSETCATALOG_COMPILER_APPICON_NAME = AppIcon;
				CLANG_WARN_OBJC_IMPLICIT_RETAIN_SELF = YES;
				CODE_SIGN_IDENTITY = "iPhone Developer";
				INFOPLIST_FILE = KKSwipeRevealGalleryViewDemo/Info.plist;
				LD_RUNPATH_SEARCH_PATHS = "$(inherited) @executable_path/Frameworks";
				PRODUCT_BUNDLE_IDENTIFIER = com.kkalinowskagorska.KKSwipeRevealGalleryViewDemo;
				PRODUCT_NAME = "$(TARGET_NAME)";
				SWIFT_OBJC_BRIDGING_HEADER = "";
				SWIFT_OPTIMIZATION_LEVEL = "-Owholemodule";
				SWIFT_VERSION = 3.0;
				TARGETED_DEVICE_FAMILY = "1,2";
			};
			name = Release;
		};
/* End XCBuildConfiguration section */

/* Begin XCConfigurationList section */
		84D65A121C721367009E3744 /* Build configuration list for PBXProject "KKSwipeRevealGalleryViewDemo" */ = {
			isa = XCConfigurationList;
			buildConfigurations = (
				84D65A291C721367009E3744 /* Debug */,
				84D65A2A1C721367009E3744 /* Release */,
			);
			defaultConfigurationIsVisible = 0;
			defaultConfigurationName = Release;
		};
		84D65A2B1C721367009E3744 /* Build configuration list for PBXNativeTarget "KKSwipeRevealGalleryViewDemo" */ = {
			isa = XCConfigurationList;
			buildConfigurations = (
				84D65A2C1C721367009E3744 /* Debug */,
				84D65A2D1C721367009E3744 /* Release */,
			);
			defaultConfigurationIsVisible = 0;
			defaultConfigurationName = Release;
		};
/* End XCConfigurationList section */
	};
	rootObject = 84D65A0F1C721367009E3744 /* Project object */;
}
